// !$*UTF8*$!
{
	archiveVersion = 1;
	classes = {
	};
	objectVersion = 46;
	objects = {

/* Begin PBXBuildFile section */
		6A41BC98163F4D9F00946256 /* DataModel.m in Sources */ = {isa = PBXBuildFile; fileRef = 6A41BC97163F4D9F00946256 /* DataModel.m */; };
		6A41BC9B163F5E7400946256 /* SearchDetailViewController.m in Sources */ = {isa = PBXBuildFile; fileRef = 6A41BC9A163F5E7400946256 /* SearchDetailViewController.m */; };
		6A41BC9E163F66BE00946256 /* MainSearchViewController.m in Sources */ = {isa = PBXBuildFile; fileRef = 6A41BC9D163F66BE00946256 /* MainSearchViewController.m */; };
		6A41BCAD1640889600946256 /* FavViewController.m in Sources */ = {isa = PBXBuildFile; fileRef = 6A41BCAC1640889600946256 /* FavViewController.m */; };
		6A41BCB1164088F700946256 /* ListingViewController.m in Sources */ = {isa = PBXBuildFile; fileRef = 6A41BCB0164088F700946256 /* ListingViewController.m */; };
		6A41BCB416408A0200946256 /* MapViewController.m in Sources */ = {isa = PBXBuildFile; fileRef = 6A41BCB316408A0200946256 /* MapViewController.m */; };
		6A41BCBA16435D5800946256 /* ISAMainViewController.m in Sources */ = {isa = PBXBuildFile; fileRef = 6A41BCB916435D5700946256 /* ISAMainViewController.m */; };
		9502DF98163DDB3500FD680E /* UIKit.framework in Frameworks */ = {isa = PBXBuildFile; fileRef = 9502DF97163DDB3500FD680E /* UIKit.framework */; };
		9502DF9A163DDB3500FD680E /* Foundation.framework in Frameworks */ = {isa = PBXBuildFile; fileRef = 9502DF99163DDB3500FD680E /* Foundation.framework */; };
		9502DF9C163DDB3500FD680E /* CoreGraphics.framework in Frameworks */ = {isa = PBXBuildFile; fileRef = 9502DF9B163DDB3500FD680E /* CoreGraphics.framework */; };
		9502DFA2163DDB3500FD680E /* InfoPlist.strings in Resources */ = {isa = PBXBuildFile; fileRef = 9502DFA0163DDB3500FD680E /* InfoPlist.strings */; };
		9502DFA4163DDB3500FD680E /* main.m in Sources */ = {isa = PBXBuildFile; fileRef = 9502DFA3163DDB3500FD680E /* main.m */; };
		9502DFA8163DDB3500FD680E /* CraigAppAppDelegate.m in Sources */ = {isa = PBXBuildFile; fileRef = 9502DFA7163DDB3500FD680E /* CraigAppAppDelegate.m */; };
		9502DFAB163DDB3500FD680E /* MainStoryboard.storyboard in Resources */ = {isa = PBXBuildFile; fileRef = 9502DFA9163DDB3500FD680E /* MainStoryboard.storyboard */; };
		9510E977164C9D9F00FDF50E /* Default-568h@2x.png in Resources */ = {isa = PBXBuildFile; fileRef = 9510E976164C9D9F00FDF50E /* Default-568h@2x.png */; };
		9510E97B164C9EB400FDF50E /* TableCell.m in Sources */ = {isa = PBXBuildFile; fileRef = 9510E97A164C9EB400FDF50E /* TableCell.m */; };
		9510E97E164CA1C300FDF50E /* ResultData.m in Sources */ = {isa = PBXBuildFile; fileRef = 9510E97D164CA1C300FDF50E /* ResultData.m */; };
/* End PBXBuildFile section */

/* Begin PBXFileReference section */
		6A41BC96163F4D9F00946256 /* DataModel.h */ = {isa = PBXFileReference; fileEncoding = 4; lastKnownFileType = sourcecode.c.h; path = DataModel.h; sourceTree = "<group>"; };
		6A41BC97163F4D9F00946256 /* DataModel.m */ = {isa = PBXFileReference; fileEncoding = 4; lastKnownFileType = sourcecode.c.objc; path = DataModel.m; sourceTree = "<group>"; };
		6A41BC99163F5E7400946256 /* SearchDetailViewController.h */ = {isa = PBXFileReference; fileEncoding = 4; lastKnownFileType = sourcecode.c.h; path = SearchDetailViewController.h; sourceTree = "<group>"; };
		6A41BC9A163F5E7400946256 /* SearchDetailViewController.m */ = {isa = PBXFileReference; fileEncoding = 4; lastKnownFileType = sourcecode.c.objc; path = SearchDetailViewController.m; sourceTree = "<group>"; };
		6A41BC9C163F66BD00946256 /* MainSearchViewController.h */ = {isa = PBXFileReference; fileEncoding = 4; lastKnownFileType = sourcecode.c.h; path = MainSearchViewController.h; sourceTree = "<group>"; };
		6A41BC9D163F66BE00946256 /* MainSearchViewController.m */ = {isa = PBXFileReference; fileEncoding = 4; lastKnownFileType = sourcecode.c.objc; path = MainSearchViewController.m; sourceTree = "<group>"; };
		6A41BCAB1640889600946256 /* FavViewController.h */ = {isa = PBXFileReference; fileEncoding = 4; lastKnownFileType = sourcecode.c.h; path = FavViewController.h; sourceTree = "<group>"; };
		6A41BCAC1640889600946256 /* FavViewController.m */ = {isa = PBXFileReference; fileEncoding = 4; lastKnownFileType = sourcecode.c.objc; path = FavViewController.m; sourceTree = "<group>"; };
		6A41BCAF164088F700946256 /* ListingViewController.h */ = {isa = PBXFileReference; fileEncoding = 4; lastKnownFileType = sourcecode.c.h; path = ListingViewController.h; sourceTree = "<group>"; };
		6A41BCB0164088F700946256 /* ListingViewController.m */ = {isa = PBXFileReference; fileEncoding = 4; lastKnownFileType = sourcecode.c.objc; path = ListingViewController.m; sourceTree = "<group>"; };
		6A41BCB216408A0200946256 /* MapViewController.h */ = {isa = PBXFileReference; fileEncoding = 4; lastKnownFileType = sourcecode.c.h; path = MapViewController.h; sourceTree = "<group>"; };
		6A41BCB316408A0200946256 /* MapViewController.m */ = {isa = PBXFileReference; fileEncoding = 4; lastKnownFileType = sourcecode.c.objc; path = MapViewController.m; sourceTree = "<group>"; };
		6A41BCB816435D5700946256 /* ISAMainViewController.h */ = {isa = PBXFileReference; fileEncoding = 4; lastKnownFileType = sourcecode.c.h; path = ISAMainViewController.h; sourceTree = "<group>"; };
		6A41BCB916435D5700946256 /* ISAMainViewController.m */ = {isa = PBXFileReference; fileEncoding = 4; lastKnownFileType = sourcecode.c.objc; path = ISAMainViewController.m; sourceTree = "<group>"; };
		9502DF93163DDB3500FD680E /* ISA.app */ = {isa = PBXFileReference; explicitFileType = wrapper.application; includeInIndex = 0; path = ISA.app; sourceTree = BUILT_PRODUCTS_DIR; };
		9502DF97163DDB3500FD680E /* UIKit.framework */ = {isa = PBXFileReference; lastKnownFileType = wrapper.framework; name = UIKit.framework; path = System/Library/Frameworks/UIKit.framework; sourceTree = SDKROOT; };
		9502DF99163DDB3500FD680E /* Foundation.framework */ = {isa = PBXFileReference; lastKnownFileType = wrapper.framework; name = Foundation.framework; path = System/Library/Frameworks/Foundation.framework; sourceTree = SDKROOT; };
		9502DF9B163DDB3500FD680E /* CoreGraphics.framework */ = {isa = PBXFileReference; lastKnownFileType = wrapper.framework; name = CoreGraphics.framework; path = System/Library/Frameworks/CoreGraphics.framework; sourceTree = SDKROOT; };
		9502DF9F163DDB3500FD680E /* ISA-Info.plist */ = {isa = PBXFileReference; lastKnownFileType = text.plist.xml; path = "ISA-Info.plist"; sourceTree = "<group>"; };
		9502DFA1163DDB3500FD680E /* en */ = {isa = PBXFileReference; lastKnownFileType = text.plist.strings; name = en; path = en.lproj/InfoPlist.strings; sourceTree = "<group>"; };
		9502DFA3163DDB3500FD680E /* main.m */ = {isa = PBXFileReference; lastKnownFileType = sourcecode.c.objc; path = main.m; sourceTree = "<group>"; };
		9502DFA5163DDB3500FD680E /* ISA-Prefix.pch */ = {isa = PBXFileReference; lastKnownFileType = sourcecode.c.h; path = "ISA-Prefix.pch"; sourceTree = "<group>"; };
		9502DFA6163DDB3500FD680E /* CraigAppAppDelegate.h */ = {isa = PBXFileReference; lastKnownFileType = sourcecode.c.h; path = CraigAppAppDelegate.h; sourceTree = "<group>"; };
		9502DFA7163DDB3500FD680E /* CraigAppAppDelegate.m */ = {isa = PBXFileReference; lastKnownFileType = sourcecode.c.objc; path = CraigAppAppDelegate.m; sourceTree = "<group>"; };
		9502DFAA163DDB3500FD680E /* en */ = {isa = PBXFileReference; lastKnownFileType = file.storyboard; name = en; path = en.lproj/MainStoryboard.storyboard; sourceTree = "<group>"; };
		9510E976164C9D9F00FDF50E /* Default-568h@2x.png */ = {isa = PBXFileReference; lastKnownFileType = image.png; path = "Default-568h@2x.png"; sourceTree = "<group>"; };
		9510E979164C9EB400FDF50E /* TableCell.h */ = {isa = PBXFileReference; fileEncoding = 4; lastKnownFileType = sourcecode.c.h; path = TableCell.h; sourceTree = "<group>"; };
		9510E97A164C9EB400FDF50E /* TableCell.m */ = {isa = PBXFileReference; fileEncoding = 4; lastKnownFileType = sourcecode.c.objc; path = TableCell.m; sourceTree = "<group>"; };
		9510E97C164CA1C200FDF50E /* ResultData.h */ = {isa = PBXFileReference; fileEncoding = 4; lastKnownFileType = sourcecode.c.h; path = ResultData.h; sourceTree = "<group>"; };
		9510E97D164CA1C300FDF50E /* ResultData.m */ = {isa = PBXFileReference; fileEncoding = 4; lastKnownFileType = sourcecode.c.objc; path = ResultData.m; sourceTree = "<group>"; };
/* End PBXFileReference section */

/* Begin PBXFrameworksBuildPhase section */
		9502DF90163DDB3500FD680E /* Frameworks */ = {
			isa = PBXFrameworksBuildPhase;
			buildActionMask = 2147483647;
			files = (
				9502DF98163DDB3500FD680E /* UIKit.framework in Frameworks */,
				9502DF9A163DDB3500FD680E /* Foundation.framework in Frameworks */,
				9502DF9C163DDB3500FD680E /* CoreGraphics.framework in Frameworks */,
			);
			runOnlyForDeploymentPostprocessing = 0;
		};
/* End PBXFrameworksBuildPhase section */

/* Begin PBXGroup section */
		9502DF88163DDB3500FD680E = {
			isa = PBXGroup;
			children = (
				9510E976164C9D9F00FDF50E /* Default-568h@2x.png */,
				9502DF9D163DDB3500FD680E /* CraigApp */,
				9502DF96163DDB3500FD680E /* Frameworks */,
				9502DF94163DDB3500FD680E /* Products */,
			);
			sourceTree = "<group>";
		};
		9502DF94163DDB3500FD680E /* Products */ = {
			isa = PBXGroup;
			children = (
				9502DF93163DDB3500FD680E /* ISA.app */,
			);
			name = Products;
			sourceTree = "<group>";
		};
		9502DF96163DDB3500FD680E /* Frameworks */ = {
			isa = PBXGroup;
			children = (
				9502DF97163DDB3500FD680E /* UIKit.framework */,
				9502DF99163DDB3500FD680E /* Foundation.framework */,
				9502DF9B163DDB3500FD680E /* CoreGraphics.framework */,
			);
			name = Frameworks;
			sourceTree = "<group>";
		};
		9502DF9D163DDB3500FD680E /* CraigApp */ = {
			isa = PBXGroup;
			children = (
				9510E979164C9EB400FDF50E /* TableCell.h */,
				9510E97A164C9EB400FDF50E /* TableCell.m */,
				9502DFA6163DDB3500FD680E /* CraigAppAppDelegate.h */,
				9502DFA7163DDB3500FD680E /* CraigAppAppDelegate.m */,
				9502DFA9163DDB3500FD680E /* MainStoryboard.storyboard */,
				6A41BCB816435D5700946256 /* ISAMainViewController.h */,
				6A41BCB916435D5700946256 /* ISAMainViewController.m */,
				6A41BCB216408A0200946256 /* MapViewController.h */,
				6A41BCB316408A0200946256 /* MapViewController.m */,
				6A41BCAF164088F700946256 /* ListingViewController.h */,
				6A41BCB0164088F700946256 /* ListingViewController.m */,
				6A41BCAB1640889600946256 /* FavViewController.h */,
				6A41BCAC1640889600946256 /* FavViewController.m */,
				6A41BC99163F5E7400946256 /* SearchDetailViewController.h */,
				6A41BC9A163F5E7400946256 /* SearchDetailViewController.m */,
				6A41BC9C163F66BD00946256 /* MainSearchViewController.h */,
				6A41BC9D163F66BE00946256 /* MainSearchViewController.m */,
				6A41BC96163F4D9F00946256 /* DataModel.h */,
				9510E97C164CA1C200FDF50E /* ResultData.h */,
				9510E97D164CA1C300FDF50E /* ResultData.m */,
				6A41BC97163F4D9F00946256 /* DataModel.m */,
				9502DF9E163DDB3500FD680E /* Supporting Files */,
			);
			path = CraigApp;
			sourceTree = "<group>";
		};
		9502DF9E163DDB3500FD680E /* Supporting Files */ = {
			isa = PBXGroup;
			children = (
				9502DF9F163DDB3500FD680E /* ISA-Info.plist */,
				9502DFA0163DDB3500FD680E /* InfoPlist.strings */,
				9502DFA3163DDB3500FD680E /* main.m */,
				9502DFA5163DDB3500FD680E /* ISA-Prefix.pch */,
			);
			name = "Supporting Files";
			sourceTree = "<group>";
		};
/* End PBXGroup section */

/* Begin PBXNativeTarget section */
		9502DF92163DDB3500FD680E /* ISA */ = {
			isa = PBXNativeTarget;
			buildConfigurationList = 9502DFBC163DDB3500FD680E /* Build configuration list for PBXNativeTarget "ISA" */;
			buildPhases = (
				9502DF8F163DDB3500FD680E /* Sources */,
				9502DF90163DDB3500FD680E /* Frameworks */,
				9502DF91163DDB3500FD680E /* Resources */,
			);
			buildRules = (
			);
			dependencies = (
			);
			name = ISA;
			productName = CraigApp;
			productReference = 9502DF93163DDB3500FD680E /* ISA.app */;
			productType = "com.apple.product-type.application";
		};
/* End PBXNativeTarget section */

/* Begin PBXProject section */
		9502DF8A163DDB3500FD680E /* Project object */ = {
			isa = PBXProject;
			attributes = {
				LastUpgradeCheck = 0420;
			};
			buildConfigurationList = 9502DF8D163DDB3500FD680E /* Build configuration list for PBXProject "ISA" */;
			compatibilityVersion = "Xcode 3.2";
			developmentRegion = English;
			hasScannedForEncodings = 0;
			knownRegions = (
				en,
			);
			mainGroup = 9502DF88163DDB3500FD680E;
			productRefGroup = 9502DF94163DDB3500FD680E /* Products */;
			projectDirPath = "";
			projectRoot = "";
			targets = (
				9502DF92163DDB3500FD680E /* ISA */,
			);
		};
/* End PBXProject section */

/* Begin PBXResourcesBuildPhase section */
		9502DF91163DDB3500FD680E /* Resources */ = {
			isa = PBXResourcesBuildPhase;
			buildActionMask = 2147483647;
			files = (
				9502DFA2163DDB3500FD680E /* InfoPlist.strings in Resources */,
				9502DFAB163DDB3500FD680E /* MainStoryboard.storyboard in Resources */,
				9510E977164C9D9F00FDF50E /* Default-568h@2x.png in Resources */,
			);
			runOnlyForDeploymentPostprocessing = 0;
		};
/* End PBXResourcesBuildPhase section */

/* Begin PBXSourcesBuildPhase section */
		9502DF8F163DDB3500FD680E /* Sources */ = {
			isa = PBXSourcesBuildPhase;
			buildActionMask = 2147483647;
			files = (
				9502DFA4163DDB3500FD680E /* main.m in Sources */,
				9502DFA8163DDB3500FD680E /* CraigAppAppDelegate.m in Sources */,
				6A41BC98163F4D9F00946256 /* DataModel.m in Sources */,
				6A41BC9B163F5E7400946256 /* SearchDetailViewController.m in Sources */,
				6A41BC9E163F66BE00946256 /* MainSearchViewController.m in Sources */,
				6A41BCAD1640889600946256 /* FavViewController.m in Sources */,
				6A41BCB1164088F700946256 /* ListingViewController.m in Sources */,
				6A41BCB416408A0200946256 /* MapViewController.m in Sources */,
				6A41BCBA16435D5800946256 /* ISAMainViewController.m in Sources */,
				9510E97B164C9EB400FDF50E /* TableCell.m in Sources */,
				9510E97E164CA1C300FDF50E /* ResultData.m in Sources */,
			);
			runOnlyForDeploymentPostprocessing = 0;
		};
/* End PBXSourcesBuildPhase section */

/* Begin PBXVariantGroup section */
		9502DFA0163DDB3500FD680E /* InfoPlist.strings */ = {
			isa = PBXVariantGroup;
			children = (
				9502DFA1163DDB3500FD680E /* en */,
			);
			name = InfoPlist.strings;
			sourceTree = "<group>";
		};
		9502DFA9163DDB3500FD680E /* MainStoryboard.storyboard */ = {
			isa = PBXVariantGroup;
			children = (
				9502DFAA163DDB3500FD680E /* en */,
			);
			name = MainStoryboard.storyboard;
			sourceTree = "<group>";
		};
/* End PBXVariantGroup section */

/* Begin XCBuildConfiguration section */
		9502DFBA163DDB3500FD680E /* Debug */ = {
			isa = XCBuildConfiguration;
			buildSettings = {
				ALWAYS_SEARCH_USER_PATHS = NO;
				ARCHS = "$(ARCHS_STANDARD_32_BIT)";
				CLANG_ENABLE_OBJC_ARC = YES;
				"CODE_SIGN_IDENTITY[sdk=iphoneos*]" = "iPhone Developer";
				COPY_PHASE_STRIP = NO;
				GCC_C_LANGUAGE_STANDARD = gnu99;
				GCC_DYNAMIC_NO_PIC = NO;
				GCC_OPTIMIZATION_LEVEL = 0;
				GCC_PREPROCESSOR_DEFINITIONS = (
					"DEBUG=1",
					"$(inherited)",
				);
				GCC_SYMBOLS_PRIVATE_EXTERN = NO;
				GCC_VERSION = com.apple.compilers.llvm.clang.1_0;
				GCC_WARN_ABOUT_MISSING_PROTOTYPES = YES;
				GCC_WARN_ABOUT_RETURN_TYPE = YES;
				GCC_WARN_UNUSED_VARIABLE = YES;
				IPHONEOS_DEPLOYMENT_TARGET = 5.0;
				SDKROOT = iphoneos;
			};
			name = Debug;
		};
		9502DFBB163DDB3500FD680E /* Release */ = {
			isa = XCBuildConfiguration;
			buildSettings = {
				ALWAYS_SEARCH_USER_PATHS = NO;
				ARCHS = "$(ARCHS_STANDARD_32_BIT)";
				CLANG_ENABLE_OBJC_ARC = YES;
				"CODE_SIGN_IDENTITY[sdk=iphoneos*]" = "iPhone Developer";
				COPY_PHASE_STRIP = YES;
				GCC_C_LANGUAGE_STANDARD = gnu99;
				GCC_VERSION = com.apple.compilers.llvm.clang.1_0;
				GCC_WARN_ABOUT_MISSING_PROTOTYPES = YES;
				GCC_WARN_ABOUT_RETURN_TYPE = YES;
				GCC_WARN_UNUSED_VARIABLE = YES;
				IPHONEOS_DEPLOYMENT_TARGET = 5.0;
				OTHER_CFLAGS = "-DNS_BLOCK_ASSERTIONS=1";
				SDKROOT = iphoneos;
				VALIDATE_PRODUCT = YES;
			};
			name = Release;
		};
		9502DFBD163DDB3500FD680E /* Debug */ = {
			isa = XCBuildConfiguration;
			buildSettings = {
				GCC_PRECOMPILE_PREFIX_HEADER = YES;
				GCC_PREFIX_HEADER = "CraigApp/ISA-Prefix.pch";
				INFOPLIST_FILE = "CraigApp/ISA-Info.plist";
				PRODUCT_NAME = ISA;
				WRAPPER_EXTENSION = app;
			};
			name = Debug;
		};
		9502DFBE163DDB3500FD680E /* Release */ = {
			isa = XCBuildConfiguration;
			buildSettings = {
				GCC_PRECOMPILE_PREFIX_HEADER = YES;
				GCC_PREFIX_HEADER = "CraigApp/ISA-Prefix.pch";
				INFOPLIST_FILE = "CraigApp/ISA-Info.plist";
				PRODUCT_NAME = ISA;
				WRAPPER_EXTENSION = app;
			};
			name = Release;
		};
/* End XCBuildConfiguration section */

/* Begin XCConfigurationList section */
		9502DF8D163DDB3500FD680E /* Build configuration list for PBXProject "ISA" */ = {
			isa = XCConfigurationList;
			buildConfigurations = (
				9502DFBA163DDB3500FD680E /* Debug */,
				9502DFBB163DDB3500FD680E /* Release */,
			);
			defaultConfigurationIsVisible = 0;
			defaultConfigurationName = Release;
		};
		9502DFBC163DDB3500FD680E /* Build configuration list for PBXNativeTarget "ISA" */ = {
			isa = XCConfigurationList;
			buildConfigurations = (
				9502DFBD163DDB3500FD680E /* Debug */,
				9502DFBE163DDB3500FD680E /* Release */,
			);
			defaultConfigurationIsVisible = 0;
			defaultConfigurationName = Release;
		};
/* End XCConfigurationList section */
	};
	rootObject = 9502DF8A163DDB3500FD680E /* Project object */;
}
